
Microsoft Visual Studio Solution File, Format Version 12.00
# Visual Studio Version 16
VisualStudioVersion = 16.0.31402.337
MinimumVisualStudioVersion = 10.0.40219.1
Project("{FAE04EC0-301F-11D3-BF4B-00C04F79EFBC}") = "OnlineDonation", "OnlineDonation\OnlineDonation.csproj", "{CFC57923-5AFA-4003-9883-DF0D979E7E00}"
EndProject
Global
	GlobalSection(SolutionConfigurationPlatforms) = preSolution
		Debug|Any CPU = Debug|Any CPU
		Release|Any CPU = Release|Any CPU
	EndGlobalSection
	GlobalSection(ProjectConfigurationPlatforms) = postSolution
		{CFC57923-5AFA-4003-9883-DF0D979E7E00}.Debug|Any CPU.ActiveCfg = Debug|Any CPU
		{CFC57923-5AFA-4003-9883-DF0D979E7E00}.Debug|Any CPU.Build.0 = Debug|Any CPU
		{CFC57923-5AFA-4003-9883-DF0D979E7E00}.Release|Any CPU.ActiveCfg = Release|Any CPU
		{CFC57923-5AFA-4003-9883-DF0D979E7E00}.Release|Any CPU.Build.0 = Release|Any CPU
	EndGlobalSection
	GlobalSection(SolutionProperties) = preSolution
		HideSolutionNode = FALSE
	EndGlobalSection
	GlobalSection(ExtensibilityGlobals) = postSolution
		SolutionGuid = {F2004808-4C26-44A7-A95D-2E88083DBECF}
	EndGlobalSection
EndGlobal
